// !$*UTF8*$!
{
	archiveVersion = 1;
	classes = {
	};
	objectVersion = 56;
	objects = {

/* Begin PBXBuildFile section */
		B61835572B453C7300154CF0 /* Publisher+Extension.swift in Sources */ = {isa = PBXBuildFile; fileRef = B61835562B453C7300154CF0 /* Publisher+Extension.swift */; };
		B61835592B45486600154CF0 /* UIView+Extension.swift in Sources */ = {isa = PBXBuildFile; fileRef = B61835582B45486600154CF0 /* UIView+Extension.swift */; };
		B68CF0F42B44C9E000B79FA5 /* AppDelegate.swift in Sources */ = {isa = PBXBuildFile; fileRef = B68CF0F32B44C9E000B79FA5 /* AppDelegate.swift */; };
		B68CF0F62B44C9E000B79FA5 /* SceneDelegate.swift in Sources */ = {isa = PBXBuildFile; fileRef = B68CF0F52B44C9E000B79FA5 /* SceneDelegate.swift */; };
		B68CF0F82B44C9E000B79FA5 /* HomeViewController.swift in Sources */ = {isa = PBXBuildFile; fileRef = B68CF0F72B44C9E000B79FA5 /* HomeViewController.swift */; };
		B68CF0FD2B44C9E300B79FA5 /* Assets.xcassets in Resources */ = {isa = PBXBuildFile; fileRef = B68CF0FC2B44C9E300B79FA5 /* Assets.xcassets */; };
		B68CF1002B44C9E300B79FA5 /* LaunchScreen.storyboard in Resources */ = {isa = PBXBuildFile; fileRef = B68CF0FE2B44C9E300B79FA5 /* LaunchScreen.storyboard */; };
		B68CF10D2B44CB7000B79FA5 /* HomeView.swift in Sources */ = {isa = PBXBuildFile; fileRef = B68CF10C2B44CB7000B79FA5 /* HomeView.swift */; };
		B68CF1162B44CFF600B79FA5 /* DesignTime+BackDeploy.swift in Sources */ = {isa = PBXBuildFile; fileRef = B68CF10F2B44CFF600B79FA5 /* DesignTime+BackDeploy.swift */; };
		B68CF1172B44CFF600B79FA5 /* ViewPreview.swift in Sources */ = {isa = PBXBuildFile; fileRef = B68CF1112B44CFF600B79FA5 /* ViewPreview.swift */; };
		B68CF1182B44CFF600B79FA5 /* TabBarControllerPreview.swift in Sources */ = {isa = PBXBuildFile; fileRef = B68CF1122B44CFF600B79FA5 /* TabBarControllerPreview.swift */; };
		B68CF1192B44CFF600B79FA5 /* ViewControllerPreview.swift in Sources */ = {isa = PBXBuildFile; fileRef = B68CF1132B44CFF600B79FA5 /* ViewControllerPreview.swift */; };
		B68CF11A2B44CFF600B79FA5 /* NavigationControllerPreview.swift in Sources */ = {isa = PBXBuildFile; fileRef = B68CF1142B44CFF600B79FA5 /* NavigationControllerPreview.swift */; };
		B68CF11B2B44CFF600B79FA5 /* PreviewTabBarItem.swift in Sources */ = {isa = PBXBuildFile; fileRef = B68CF1152B44CFF600B79FA5 /* PreviewTabBarItem.swift */; };
		B68CF11F2B44DE0500B79FA5 /* GithubAPI.swift in Sources */ = {isa = PBXBuildFile; fileRef = B68CF11E2B44DE0500B79FA5 /* GithubAPI.swift */; };
		B68CF1222B44DFE800B79FA5 /* GithubAPIUser.swift in Sources */ = {isa = PBXBuildFile; fileRef = B68CF1212B44DFE800B79FA5 /* GithubAPIUser.swift */; };
		B68CF1252B44EBDA00B79FA5 /* AppFactoryView.swift in Sources */ = {isa = PBXBuildFile; fileRef = B68CF1242B44EBDA00B79FA5 /* AppFactoryView.swift */; };
		B68CF12A2B44EC4B00B79FA5 /* UIViewController+Extension.swift in Sources */ = {isa = PBXBuildFile; fileRef = B68CF1272B44EC4B00B79FA5 /* UIViewController+Extension.swift */; };
		B68CF12B2B44EC4B00B79FA5 /* UIFont+Extension.swift in Sources */ = {isa = PBXBuildFile; fileRef = B68CF1282B44EC4B00B79FA5 /* UIFont+Extension.swift */; };
		B68CF12C2B44EC4B00B79FA5 /* UIScreen+Extension.swift in Sources */ = {isa = PBXBuildFile; fileRef = B68CF1292B44EC4B00B79FA5 /* UIScreen+Extension.swift */; };
		BC420A2EDFE613C801A97B95 /* Pods_GitHub_Combine_UIKit.framework in Frameworks */ = {isa = PBXBuildFile; fileRef = E826E90BE9561CD5124B65D8 /* Pods_GitHub_Combine_UIKit.framework */; };
/* End PBXBuildFile section */

/* Begin PBXFileReference section */
		66CB3869C5AAF58FDB0EEB54 /* Pods-GitHub Combine UIKit.release.xcconfig */ = {isa = PBXFileReference; includeInIndex = 1; lastKnownFileType = text.xcconfig; name = "Pods-GitHub Combine UIKit.release.xcconfig"; path = "Target Support Files/Pods-GitHub Combine UIKit/Pods-GitHub Combine UIKit.release.xcconfig"; sourceTree = "<group>"; };
		B4FF0F3347A04E68E59146B0 /* Pods-GitHub Combine UIKit.debug.xcconfig */ = {isa = PBXFileReference; includeInIndex = 1; lastKnownFileType = text.xcconfig; name = "Pods-GitHub Combine UIKit.debug.xcconfig"; path = "Target Support Files/Pods-GitHub Combine UIKit/Pods-GitHub Combine UIKit.debug.xcconfig"; sourceTree = "<group>"; };
		B61835562B453C7300154CF0 /* Publisher+Extension.swift */ = {isa = PBXFileReference; lastKnownFileType = sourcecode.swift; path = "Publisher+Extension.swift"; sourceTree = "<group>"; };
		B61835582B45486600154CF0 /* UIView+Extension.swift */ = {isa = PBXFileReference; lastKnownFileType = sourcecode.swift; path = "UIView+Extension.swift"; sourceTree = "<group>"; };
		B68CF0F02B44C9E000B79FA5 /* GitHub Combine UIKit.app */ = {isa = PBXFileReference; explicitFileType = wrapper.application; includeInIndex = 0; path = "GitHub Combine UIKit.app"; sourceTree = BUILT_PRODUCTS_DIR; };
		B68CF0F32B44C9E000B79FA5 /* AppDelegate.swift */ = {isa = PBXFileReference; lastKnownFileType = sourcecode.swift; path = AppDelegate.swift; sourceTree = "<group>"; };
		B68CF0F52B44C9E000B79FA5 /* SceneDelegate.swift */ = {isa = PBXFileReference; lastKnownFileType = sourcecode.swift; path = SceneDelegate.swift; sourceTree = "<group>"; };
		B68CF0F72B44C9E000B79FA5 /* HomeViewController.swift */ = {isa = PBXFileReference; lastKnownFileType = sourcecode.swift; path = HomeViewController.swift; sourceTree = "<group>"; };
		B68CF0FC2B44C9E300B79FA5 /* Assets.xcassets */ = {isa = PBXFileReference; lastKnownFileType = folder.assetcatalog; path = Assets.xcassets; sourceTree = "<group>"; };
		B68CF0FF2B44C9E300B79FA5 /* Base */ = {isa = PBXFileReference; lastKnownFileType = file.storyboard; name = Base; path = Base.lproj/LaunchScreen.storyboard; sourceTree = "<group>"; };
		B68CF1012B44C9E300B79FA5 /* Info.plist */ = {isa = PBXFileReference; lastKnownFileType = text.plist.xml; path = Info.plist; sourceTree = "<group>"; };
		B68CF10C2B44CB7000B79FA5 /* HomeView.swift */ = {isa = PBXFileReference; lastKnownFileType = sourcecode.swift; path = HomeView.swift; sourceTree = "<group>"; };
		B68CF10F2B44CFF600B79FA5 /* DesignTime+BackDeploy.swift */ = {isa = PBXFileReference; fileEncoding = 4; lastKnownFileType = sourcecode.swift; path = "DesignTime+BackDeploy.swift"; sourceTree = "<group>"; };
		B68CF1112B44CFF600B79FA5 /* ViewPreview.swift */ = {isa = PBXFileReference; fileEncoding = 4; lastKnownFileType = sourcecode.swift; path = ViewPreview.swift; sourceTree = "<group>"; };
		B68CF1122B44CFF600B79FA5 /* TabBarControllerPreview.swift */ = {isa = PBXFileReference; fileEncoding = 4; lastKnownFileType = sourcecode.swift; path = TabBarControllerPreview.swift; sourceTree = "<group>"; };
		B68CF1132B44CFF600B79FA5 /* ViewControllerPreview.swift */ = {isa = PBXFileReference; fileEncoding = 4; lastKnownFileType = sourcecode.swift; path = ViewControllerPreview.swift; sourceTree = "<group>"; };
		B68CF1142B44CFF600B79FA5 /* NavigationControllerPreview.swift */ = {isa = PBXFileReference; fileEncoding = 4; lastKnownFileType = sourcecode.swift; path = NavigationControllerPreview.swift; sourceTree = "<group>"; };
		B68CF1152B44CFF600B79FA5 /* PreviewTabBarItem.swift */ = {isa = PBXFileReference; fileEncoding = 4; lastKnownFileType = sourcecode.swift; path = PreviewTabBarItem.swift; sourceTree = "<group>"; };
		B68CF11E2B44DE0500B79FA5 /* GithubAPI.swift */ = {isa = PBXFileReference; lastKnownFileType = sourcecode.swift; path = GithubAPI.swift; sourceTree = "<group>"; };
		B68CF1212B44DFE800B79FA5 /* GithubAPIUser.swift */ = {isa = PBXFileReference; lastKnownFileType = sourcecode.swift; path = GithubAPIUser.swift; sourceTree = "<group>"; };
		B68CF1242B44EBDA00B79FA5 /* AppFactoryView.swift */ = {isa = PBXFileReference; lastKnownFileType = sourcecode.swift; path = AppFactoryView.swift; sourceTree = "<group>"; };
		B68CF1272B44EC4B00B79FA5 /* UIViewController+Extension.swift */ = {isa = PBXFileReference; fileEncoding = 4; lastKnownFileType = sourcecode.swift; path = "UIViewController+Extension.swift"; sourceTree = "<group>"; };
		B68CF1282B44EC4B00B79FA5 /* UIFont+Extension.swift */ = {isa = PBXFileReference; fileEncoding = 4; lastKnownFileType = sourcecode.swift; path = "UIFont+Extension.swift"; sourceTree = "<group>"; };
		B68CF1292B44EC4B00B79FA5 /* UIScreen+Extension.swift */ = {isa = PBXFileReference; fileEncoding = 4; lastKnownFileType = sourcecode.swift; path = "UIScreen+Extension.swift"; sourceTree = "<group>"; };
		E826E90BE9561CD5124B65D8 /* Pods_GitHub_Combine_UIKit.framework */ = {isa = PBXFileReference; explicitFileType = wrapper.framework; includeInIndex = 0; path = Pods_GitHub_Combine_UIKit.framework; sourceTree = BUILT_PRODUCTS_DIR; };
/* End PBXFileReference section */

/* Begin PBXFrameworksBuildPhase section */
		B68CF0ED2B44C9E000B79FA5 /* Frameworks */ = {
			isa = PBXFrameworksBuildPhase;
			buildActionMask = 2147483647;
			files = (
				BC420A2EDFE613C801A97B95 /* Pods_GitHub_Combine_UIKit.framework in Frameworks */,
			);
			runOnlyForDeploymentPostprocessing = 0;
		};
/* End PBXFrameworksBuildPhase section */

/* Begin PBXGroup section */
		9F281675B9A10B278607643B /* Frameworks */ = {
			isa = PBXGroup;
			children = (
				E826E90BE9561CD5124B65D8 /* Pods_GitHub_Combine_UIKit.framework */,
			);
			name = Frameworks;
			sourceTree = "<group>";
		};
		B68CF0E72B44C9E000B79FA5 = {
			isa = PBXGroup;
			children = (
				B68CF0F22B44C9E000B79FA5 /* GitHub Combine UIKit */,
				B68CF0F12B44C9E000B79FA5 /* Products */,
				E052290C7405CA7A2B273005 /* Pods */,
				9F281675B9A10B278607643B /* Frameworks */,
			);
			sourceTree = "<group>";
		};
		B68CF0F12B44C9E000B79FA5 /* Products */ = {
			isa = PBXGroup;
			children = (
				B68CF0F02B44C9E000B79FA5 /* GitHub Combine UIKit.app */,
			);
			name = Products;
			sourceTree = "<group>";
		};
		B68CF0F22B44C9E000B79FA5 /* GitHub Combine UIKit */ = {
			isa = PBXGroup;
			children = (
				B68CF1072B44CA0700B79FA5 /* Application */,
				B68CF1092B44CA7A00B79FA5 /* Features */,
				B68CF11D2B44DDE500B79FA5 /* DataSources */,
				B68CF1232B44EB9900B79FA5 /* Factories */,
				B68CF1262B44EC3400B79FA5 /* Extensions */,
				B68CF1082B44CA1300B79FA5 /* Resources */,
				B68CF1102B44CFF600B79FA5 /* PreviewView */,
				B68CF10E2B44CFF600B79FA5 /* PreviewViewLegacyOSCompileFix */,
			);
			path = "GitHub Combine UIKit";
			sourceTree = "<group>";
		};
		B68CF1072B44CA0700B79FA5 /* Application */ = {
			isa = PBXGroup;
			children = (
				B68CF0F32B44C9E000B79FA5 /* AppDelegate.swift */,
				B68CF0F52B44C9E000B79FA5 /* SceneDelegate.swift */,
			);
			path = Application;
			sourceTree = "<group>";
		};
		B68CF1082B44CA1300B79FA5 /* Resources */ = {
			isa = PBXGroup;
			children = (
				B68CF0FC2B44C9E300B79FA5 /* Assets.xcassets */,
				B68CF0FE2B44C9E300B79FA5 /* LaunchScreen.storyboard */,
				B68CF1012B44C9E300B79FA5 /* Info.plist */,
			);
			path = Resources;
			sourceTree = "<group>";
		};
		B68CF1092B44CA7A00B79FA5 /* Features */ = {
			isa = PBXGroup;
			children = (
				B68CF10A2B44CA8100B79FA5 /* Home */,
			);
			path = Features;
			sourceTree = "<group>";
		};
		B68CF10A2B44CA8100B79FA5 /* Home */ = {
			isa = PBXGroup;
			children = (
				B68CF1202B44DFBB00B79FA5 /* Models */,
				B68CF11C2B44DDA700B79FA5 /* ViewModels */,
				B68CF10B2B44CA9B00B79FA5 /* Views */,
			);
			path = Home;
			sourceTree = "<group>";
		};
		B68CF10B2B44CA9B00B79FA5 /* Views */ = {
			isa = PBXGroup;
			children = (
				B68CF0F72B44C9E000B79FA5 /* HomeViewController.swift */,
				B68CF10C2B44CB7000B79FA5 /* HomeView.swift */,
			);
			path = Views;
			sourceTree = "<group>";
		};
		B68CF10E2B44CFF600B79FA5 /* PreviewViewLegacyOSCompileFix */ = {
			isa = PBXGroup;
			children = (
				B68CF10F2B44CFF600B79FA5 /* DesignTime+BackDeploy.swift */,
			);
			path = PreviewViewLegacyOSCompileFix;
			sourceTree = "<group>";
		};
		B68CF1102B44CFF600B79FA5 /* PreviewView */ = {
			isa = PBXGroup;
			children = (
				B68CF1112B44CFF600B79FA5 /* ViewPreview.swift */,
				B68CF1122B44CFF600B79FA5 /* TabBarControllerPreview.swift */,
				B68CF1132B44CFF600B79FA5 /* ViewControllerPreview.swift */,
				B68CF1142B44CFF600B79FA5 /* NavigationControllerPreview.swift */,
				B68CF1152B44CFF600B79FA5 /* PreviewTabBarItem.swift */,
			);
			path = PreviewView;
			sourceTree = "<group>";
		};
		B68CF11C2B44DDA700B79FA5 /* ViewModels */ = {
			isa = PBXGroup;
			children = (
			);
			path = ViewModels;
			sourceTree = "<group>";
		};
		B68CF11D2B44DDE500B79FA5 /* DataSources */ = {
			isa = PBXGroup;
			children = (
				B68CF11E2B44DE0500B79FA5 /* GithubAPI.swift */,
			);
			path = DataSources;
			sourceTree = "<group>";
		};
		B68CF1202B44DFBB00B79FA5 /* Models */ = {
			isa = PBXGroup;
			children = (
				B68CF1212B44DFE800B79FA5 /* GithubAPIUser.swift */,
			);
			path = Models;
			sourceTree = "<group>";
		};
		B68CF1232B44EB9900B79FA5 /* Factories */ = {
			isa = PBXGroup;
			children = (
				B68CF1242B44EBDA00B79FA5 /* AppFactoryView.swift */,
			);
			path = Factories;
			sourceTree = "<group>";
		};
		B68CF1262B44EC3400B79FA5 /* Extensions */ = {
			isa = PBXGroup;
			children = (
				B68CF1282B44EC4B00B79FA5 /* UIFont+Extension.swift */,
				B68CF1292B44EC4B00B79FA5 /* UIScreen+Extension.swift */,
				B68CF1272B44EC4B00B79FA5 /* UIViewController+Extension.swift */,
				B61835562B453C7300154CF0 /* Publisher+Extension.swift */,
				B61835582B45486600154CF0 /* UIView+Extension.swift */,
			);
			path = Extensions;
			sourceTree = "<group>";
		};
		E052290C7405CA7A2B273005 /* Pods */ = {
			isa = PBXGroup;
			children = (
				B4FF0F3347A04E68E59146B0 /* Pods-GitHub Combine UIKit.debug.xcconfig */,
				66CB3869C5AAF58FDB0EEB54 /* Pods-GitHub Combine UIKit.release.xcconfig */,
			);
			path = Pods;
			sourceTree = "<group>";
		};
/* End PBXGroup section */

/* Begin PBXNativeTarget section */
		B68CF0EF2B44C9E000B79FA5 /* GitHub Combine UIKit */ = {
			isa = PBXNativeTarget;
			buildConfigurationList = B68CF1042B44C9E300B79FA5 /* Build configuration list for PBXNativeTarget "GitHub Combine UIKit" */;
			buildPhases = (
				992D7584C00B745681498AE4 /* [CP] Check Pods Manifest.lock */,
				B68CF0EC2B44C9E000B79FA5 /* Sources */,
				B68CF0ED2B44C9E000B79FA5 /* Frameworks */,
				B68CF0EE2B44C9E000B79FA5 /* Resources */,
				946B3050A4FAB720E3F4FBCE /* [CP] Embed Pods Frameworks */,
			);
			buildRules = (
			);
			dependencies = (
			);
			name = "GitHub Combine UIKit";
			productName = "GitHub Combine UIKit";
			productReference = B68CF0F02B44C9E000B79FA5 /* GitHub Combine UIKit.app */;
			productType = "com.apple.product-type.application";
		};
/* End PBXNativeTarget section */

/* Begin PBXProject section */
		B68CF0E82B44C9E000B79FA5 /* Project object */ = {
			isa = PBXProject;
			attributes = {
				BuildIndependentTargetsInParallel = 1;
				LastSwiftUpdateCheck = 1500;
				LastUpgradeCheck = 1500;
				TargetAttributes = {
					B68CF0EF2B44C9E000B79FA5 = {
						CreatedOnToolsVersion = 15.0.1;
					};
				};
			};
			buildConfigurationList = B68CF0EB2B44C9E000B79FA5 /* Build configuration list for PBXProject "GitHub Combine UIKit" */;
			compatibilityVersion = "Xcode 14.0";
			developmentRegion = en;
			hasScannedForEncodings = 0;
			knownRegions = (
				en,
				Base,
			);
			mainGroup = B68CF0E72B44C9E000B79FA5;
			productRefGroup = B68CF0F12B44C9E000B79FA5 /* Products */;
			projectDirPath = "";
			projectRoot = "";
			targets = (
				B68CF0EF2B44C9E000B79FA5 /* GitHub Combine UIKit */,
			);
		};
/* End PBXProject section */

/* Begin PBXResourcesBuildPhase section */
		B68CF0EE2B44C9E000B79FA5 /* Resources */ = {
			isa = PBXResourcesBuildPhase;
			buildActionMask = 2147483647;
			files = (
				B68CF1002B44C9E300B79FA5 /* LaunchScreen.storyboard in Resources */,
				B68CF0FD2B44C9E300B79FA5 /* Assets.xcassets in Resources */,
			);
			runOnlyForDeploymentPostprocessing = 0;
		};
/* End PBXResourcesBuildPhase section */

/* Begin PBXShellScriptBuildPhase section */
		946B3050A4FAB720E3F4FBCE /* [CP] Embed Pods Frameworks */ = {
			isa = PBXShellScriptBuildPhase;
			buildActionMask = 2147483647;
			files = (
			);
			inputFileListPaths = (
				"${PODS_ROOT}/Target Support Files/Pods-GitHub Combine UIKit/Pods-GitHub Combine UIKit-frameworks-${CONFIGURATION}-input-files.xcfilelist",
			);
			name = "[CP] Embed Pods Frameworks";
			outputFileListPaths = (
				"${PODS_ROOT}/Target Support Files/Pods-GitHub Combine UIKit/Pods-GitHub Combine UIKit-frameworks-${CONFIGURATION}-output-files.xcfilelist",
			);
			runOnlyForDeploymentPostprocessing = 0;
			shellPath = /bin/sh;
			shellScript = "\"${PODS_ROOT}/Target Support Files/Pods-GitHub Combine UIKit/Pods-GitHub Combine UIKit-frameworks.sh\"\n";
			showEnvVarsInLog = 0;
		};
		992D7584C00B745681498AE4 /* [CP] Check Pods Manifest.lock */ = {
			isa = PBXShellScriptBuildPhase;
			buildActionMask = 2147483647;
			files = (
			);
			inputFileListPaths = (
			);
			inputPaths = (
				"${PODS_PODFILE_DIR_PATH}/Podfile.lock",
				"${PODS_ROOT}/Manifest.lock",
			);
			name = "[CP] Check Pods Manifest.lock";
			outputFileListPaths = (
			);
			outputPaths = (
				"$(DERIVED_FILE_DIR)/Pods-GitHub Combine UIKit-checkManifestLockResult.txt",
			);
			runOnlyForDeploymentPostprocessing = 0;
			shellPath = /bin/sh;
			shellScript = "diff \"${PODS_PODFILE_DIR_PATH}/Podfile.lock\" \"${PODS_ROOT}/Manifest.lock\" > /dev/null\nif [ $? != 0 ] ; then\n    # print error to STDERR\n    echo \"error: The sandbox is not in sync with the Podfile.lock. Run 'pod install' or update your CocoaPods installation.\" >&2\n    exit 1\nfi\n# This output is used by Xcode 'outputs' to avoid re-running this script phase.\necho \"SUCCESS\" > \"${SCRIPT_OUTPUT_FILE_0}\"\n";
			showEnvVarsInLog = 0;
		};
/* End PBXShellScriptBuildPhase section */

/* Begin PBXSourcesBuildPhase section */
		B68CF0EC2B44C9E000B79FA5 /* Sources */ = {
			isa = PBXSourcesBuildPhase;
			buildActionMask = 2147483647;
			files = (
				B68CF10D2B44CB7000B79FA5 /* HomeView.swift in Sources */,
				B68CF0F82B44C9E000B79FA5 /* HomeViewController.swift in Sources */,
				B61835572B453C7300154CF0 /* Publisher+Extension.swift in Sources */,
				B68CF1252B44EBDA00B79FA5 /* AppFactoryView.swift in Sources */,
				B68CF12B2B44EC4B00B79FA5 /* UIFont+Extension.swift in Sources */,
				B68CF1182B44CFF600B79FA5 /* TabBarControllerPreview.swift in Sources */,
				B68CF12A2B44EC4B00B79FA5 /* UIViewController+Extension.swift in Sources */,
				B68CF11B2B44CFF600B79FA5 /* PreviewTabBarItem.swift in Sources */,
				B68CF0F42B44C9E000B79FA5 /* AppDelegate.swift in Sources */,
				B68CF1162B44CFF600B79FA5 /* DesignTime+BackDeploy.swift in Sources */,
				B68CF12C2B44EC4B00B79FA5 /* UIScreen+Extension.swift in Sources */,
				B68CF1222B44DFE800B79FA5 /* GithubAPIUser.swift in Sources */,
				B61835592B45486600154CF0 /* UIView+Extension.swift in Sources */,
				B68CF0F62B44C9E000B79FA5 /* SceneDelegate.swift in Sources */,
				B68CF1172B44CFF600B79FA5 /* ViewPreview.swift in Sources */,
				B68CF11A2B44CFF600B79FA5 /* NavigationControllerPreview.swift in Sources */,
				B68CF11F2B44DE0500B79FA5 /* GithubAPI.swift in Sources */,
				B68CF1192B44CFF600B79FA5 /* ViewControllerPreview.swift in Sources */,
			);
			runOnlyForDeploymentPostprocessing = 0;
		};
/* End PBXSourcesBuildPhase section */

/* Begin PBXVariantGroup section */
		B68CF0FE2B44C9E300B79FA5 /* LaunchScreen.storyboard */ = {
			isa = PBXVariantGroup;
			children = (
				B68CF0FF2B44C9E300B79FA5 /* Base */,
			);
			name = LaunchScreen.storyboard;
			sourceTree = "<group>";
		};
/* End PBXVariantGroup section */

/* Begin XCBuildConfiguration section */
		B68CF1022B44C9E300B79FA5 /* Debug */ = {
			isa = XCBuildConfiguration;
			buildSettings = {
				ALWAYS_SEARCH_USER_PATHS = NO;
				ASSETCATALOG_COMPILER_GENERATE_SWIFT_ASSET_SYMBOL_EXTENSIONS = YES;
				CLANG_ANALYZER_NONNULL = YES;
				CLANG_ANALYZER_NUMBER_OBJECT_CONVERSION = YES_AGGRESSIVE;
				CLANG_CXX_LANGUAGE_STANDARD = "gnu++20";
				CLANG_ENABLE_MODULES = YES;
				CLANG_ENABLE_OBJC_ARC = YES;
				CLANG_ENABLE_OBJC_WEAK = YES;
				CLANG_WARN_BLOCK_CAPTURE_AUTORELEASING = YES;
				CLANG_WARN_BOOL_CONVERSION = YES;
				CLANG_WARN_COMMA = YES;
				CLANG_WARN_CONSTANT_CONVERSION = YES;
				CLANG_WARN_DEPRECATED_OBJC_IMPLEMENTATIONS = YES;
				CLANG_WARN_DIRECT_OBJC_ISA_USAGE = YES_ERROR;
				CLANG_WARN_DOCUMENTATION_COMMENTS = YES;
				CLANG_WARN_EMPTY_BODY = YES;
				CLANG_WARN_ENUM_CONVERSION = YES;
				CLANG_WARN_INFINITE_RECURSION = YES;
				CLANG_WARN_INT_CONVERSION = YES;
				CLANG_WARN_NON_LITERAL_NULL_CONVERSION = YES;
				CLANG_WARN_OBJC_IMPLICIT_RETAIN_SELF = YES;
				CLANG_WARN_OBJC_LITERAL_CONVERSION = YES;
				CLANG_WARN_OBJC_ROOT_CLASS = YES_ERROR;
				CLANG_WARN_QUOTED_INCLUDE_IN_FRAMEWORK_HEADER = YES;
				CLANG_WARN_RANGE_LOOP_ANALYSIS = YES;
				CLANG_WARN_STRICT_PROTOTYPES = YES;
				CLANG_WARN_SUSPICIOUS_MOVE = YES;
				CLANG_WARN_UNGUARDED_AVAILABILITY = YES_AGGRESSIVE;
				CLANG_WARN_UNREACHABLE_CODE = YES;
				CLANG_WARN__DUPLICATE_METHOD_MATCH = YES;
				COPY_PHASE_STRIP = NO;
				DEBUG_INFORMATION_FORMAT = dwarf;
				ENABLE_STRICT_OBJC_MSGSEND = YES;
				ENABLE_TESTABILITY = YES;
				ENABLE_USER_SCRIPT_SANDBOXING = YES;
				GCC_C_LANGUAGE_STANDARD = gnu17;
				GCC_DYNAMIC_NO_PIC = NO;
				GCC_NO_COMMON_BLOCKS = YES;
				GCC_OPTIMIZATION_LEVEL = 0;
				GCC_PREPROCESSOR_DEFINITIONS = (
					"DEBUG=1",
					"$(inherited)",
				);
				GCC_WARN_64_TO_32_BIT_CONVERSION = YES;
				GCC_WARN_ABOUT_RETURN_TYPE = YES_ERROR;
				GCC_WARN_UNDECLARED_SELECTOR = YES;
				GCC_WARN_UNINITIALIZED_AUTOS = YES_AGGRESSIVE;
				GCC_WARN_UNUSED_FUNCTION = YES;
				GCC_WARN_UNUSED_VARIABLE = YES;
				IPHONEOS_DEPLOYMENT_TARGET = 17.0;
				LOCALIZATION_PREFERS_STRING_CATALOGS = YES;
				MTL_ENABLE_DEBUG_INFO = INCLUDE_SOURCE;
				MTL_FAST_MATH = YES;
				ONLY_ACTIVE_ARCH = YES;
				SDKROOT = iphoneos;
				SWIFT_ACTIVE_COMPILATION_CONDITIONS = "DEBUG $(inherited)";
				SWIFT_OPTIMIZATION_LEVEL = "-Onone";
			};
			name = Debug;
		};
		B68CF1032B44C9E300B79FA5 /* Release */ = {
			isa = XCBuildConfiguration;
			buildSettings = {
				ALWAYS_SEARCH_USER_PATHS = NO;
				ASSETCATALOG_COMPILER_GENERATE_SWIFT_ASSET_SYMBOL_EXTENSIONS = YES;
				CLANG_ANALYZER_NONNULL = YES;
				CLANG_ANALYZER_NUMBER_OBJECT_CONVERSION = YES_AGGRESSIVE;
				CLANG_CXX_LANGUAGE_STANDARD = "gnu++20";
				CLANG_ENABLE_MODULES = YES;
				CLANG_ENABLE_OBJC_ARC = YES;
				CLANG_ENABLE_OBJC_WEAK = YES;
				CLANG_WARN_BLOCK_CAPTURE_AUTORELEASING = YES;
				CLANG_WARN_BOOL_CONVERSION = YES;
				CLANG_WARN_COMMA = YES;
				CLANG_WARN_CONSTANT_CONVERSION = YES;
				CLANG_WARN_DEPRECATED_OBJC_IMPLEMENTATIONS = YES;
				CLANG_WARN_DIRECT_OBJC_ISA_USAGE = YES_ERROR;
				CLANG_WARN_DOCUMENTATION_COMMENTS = YES;
				CLANG_WARN_EMPTY_BODY = YES;
				CLANG_WARN_ENUM_CONVERSION = YES;
				CLANG_WARN_INFINITE_RECURSION = YES;
				CLANG_WARN_INT_CONVERSION = YES;
				CLANG_WARN_NON_LITERAL_NULL_CONVERSION = YES;
				CLANG_WARN_OBJC_IMPLICIT_RETAIN_SELF = YES;
				CLANG_WARN_OBJC_LITERAL_CONVERSION = YES;
				CLANG_WARN_OBJC_ROOT_CLASS = YES_ERROR;
				CLANG_WARN_QUOTED_INCLUDE_IN_FRAMEWORK_HEADER = YES;
				CLANG_WARN_RANGE_LOOP_ANALYSIS = YES;
				CLANG_WARN_STRICT_PROTOTYPES = YES;
				CLANG_WARN_SUSPICIOUS_MOVE = YES;
				CLANG_WARN_UNGUARDED_AVAILABILITY = YES_AGGRESSIVE;
				CLANG_WARN_UNREACHABLE_CODE = YES;
				CLANG_WARN__DUPLICATE_METHOD_MATCH = YES;
				COPY_PHASE_STRIP = NO;
				DEBUG_INFORMATION_FORMAT = "dwarf-with-dsym";
				ENABLE_NS_ASSERTIONS = NO;
				ENABLE_STRICT_OBJC_MSGSEND = YES;
				ENABLE_USER_SCRIPT_SANDBOXING = YES;
				GCC_C_LANGUAGE_STANDARD = gnu17;
				GCC_NO_COMMON_BLOCKS = YES;
				GCC_WARN_64_TO_32_BIT_CONVERSION = YES;
				GCC_WARN_ABOUT_RETURN_TYPE = YES_ERROR;
				GCC_WARN_UNDECLARED_SELECTOR = YES;
				GCC_WARN_UNINITIALIZED_AUTOS = YES_AGGRESSIVE;
				GCC_WARN_UNUSED_FUNCTION = YES;
				GCC_WARN_UNUSED_VARIABLE = YES;
				IPHONEOS_DEPLOYMENT_TARGET = 17.0;
				LOCALIZATION_PREFERS_STRING_CATALOGS = YES;
				MTL_ENABLE_DEBUG_INFO = NO;
				MTL_FAST_MATH = YES;
				SDKROOT = iphoneos;
				SWIFT_COMPILATION_MODE = wholemodule;
				VALIDATE_PRODUCT = YES;
			};
			name = Release;
		};
		B68CF1052B44C9E300B79FA5 /* Debug */ = {
			isa = XCBuildConfiguration;
			baseConfigurationReference = B4FF0F3347A04E68E59146B0 /* Pods-GitHub Combine UIKit.debug.xcconfig */;
			buildSettings = {
				ASSETCATALOG_COMPILER_APPICON_NAME = AppIcon;
				ASSETCATALOG_COMPILER_GLOBAL_ACCENT_COLOR_NAME = AccentColor;
				CODE_SIGN_STYLE = Automatic;
				CURRENT_PROJECT_VERSION = 1;
				DEVELOPMENT_TEAM = 2N64875GLV;
				ENABLE_USER_SCRIPT_SANDBOXING = NO;
				GENERATE_INFOPLIST_FILE = YES;
				INFOPLIST_FILE = "GitHub Combine UIKit/Resources/Info.plist";
				INFOPLIST_KEY_UIApplicationSupportsIndirectInputEvents = YES;
				INFOPLIST_KEY_UILaunchStoryboardName = LaunchScreen;
				INFOPLIST_KEY_UISupportedInterfaceOrientations_iPad = "UIInterfaceOrientationPortrait UIInterfaceOrientationPortraitUpsideDown UIInterfaceOrientationLandscapeLeft UIInterfaceOrientationLandscapeRight";
				INFOPLIST_KEY_UISupportedInterfaceOrientations_iPhone = "UIInterfaceOrientationPortrait UIInterfaceOrientationLandscapeLeft UIInterfaceOrientationLandscapeRight";
				IPHONEOS_DEPLOYMENT_TARGET = 13.0;
				LD_RUNPATH_SEARCH_PATHS = (
					"$(inherited)",
					"@executable_path/Frameworks",
				);
				MARKETING_VERSION = 1.0;
				PRODUCT_BUNDLE_IDENTIFIER = "com.github.syndicate017.GitHub-Combine-UIKit";
				PRODUCT_NAME = "$(TARGET_NAME)";
				SUPPORTED_PLATFORMS = "iphoneos iphonesimulator";
				SUPPORTS_MACCATALYST = NO;
				SUPPORTS_MAC_DESIGNED_FOR_IPHONE_IPAD = NO;
				SWIFT_EMIT_LOC_STRINGS = YES;
				SWIFT_VERSION = 5.0;
				TARGETED_DEVICE_FAMILY = 1;
			};
			name = Debug;
		};
		B68CF1062B44C9E300B79FA5 /* Release */ = {
			isa = XCBuildConfiguration;
			baseConfigurationReference = 66CB3869C5AAF58FDB0EEB54 /* Pods-GitHub Combine UIKit.release.xcconfig */;
			buildSettings = {
				ASSETCATALOG_COMPILER_APPICON_NAME = AppIcon;
				ASSETCATALOG_COMPILER_GLOBAL_ACCENT_COLOR_NAME = AccentColor;
				CODE_SIGN_STYLE = Automatic;
				CURRENT_PROJECT_VERSION = 1;
				DEVELOPMENT_TEAM = 2N64875GLV;
				ENABLE_USER_SCRIPT_SANDBOXING = NO;
				GENERATE_INFOPLIST_FILE = YES;
				INFOPLIST_FILE = "GitHub Combine UIKit/Resources/Info.plist";
				INFOPLIST_KEY_UIApplicationSupportsIndirectInputEvents = YES;
				INFOPLIST_KEY_UILaunchStoryboardName = LaunchScreen;
				INFOPLIST_KEY_UISupportedInterfaceOrientations_iPad = "UIInterfaceOrientationPortrait UIInterfaceOrientationPortraitUpsideDown UIInterfaceOrientationLandscapeLeft UIInterfaceOrientationLandscapeRight";
				INFOPLIST_KEY_UISupportedInterfaceOrientations_iPhone = "UIInterfaceOrientationPortrait UIInterfaceOrientationLandscapeLeft UIInterfaceOrientationLandscapeRight";
				IPHONEOS_DEPLOYMENT_TARGET = 13.0;
				LD_RUNPATH_SEARCH_PATHS = (
					"$(inherited)",
					"@executable_path/Frameworks",
				);
				MARKETING_VERSION = 1.0;
				PRODUCT_BUNDLE_IDENTIFIER = "com.github.syndicate017.GitHub-Combine-UIKit";
				PRODUCT_NAME = "$(TARGET_NAME)";
				SUPPORTED_PLATFORMS = "iphoneos iphonesimulator";
				SUPPORTS_MACCATALYST = NO;
				SUPPORTS_MAC_DESIGNED_FOR_IPHONE_IPAD = NO;
				SWIFT_EMIT_LOC_STRINGS = YES;
				SWIFT_VERSION = 5.0;
				TARGETED_DEVICE_FAMILY = 1;
			};
			name = Release;
		};
/* End XCBuildConfiguration section */

/* Begin XCConfigurationList section */
		B68CF0EB2B44C9E000B79FA5 /* Build configuration list for PBXProject "GitHub Combine UIKit" */ = {
			isa = XCConfigurationList;
			buildConfigurations = (
				B68CF1022B44C9E300B79FA5 /* Debug */,
				B68CF1032B44C9E300B79FA5 /* Release */,
			);
			defaultConfigurationIsVisible = 0;
			defaultConfigurationName = Release;
		};
		B68CF1042B44C9E300B79FA5 /* Build configuration list for PBXNativeTarget "GitHub Combine UIKit" */ = {
			isa = XCConfigurationList;
			buildConfigurations = (
				B68CF1052B44C9E300B79FA5 /* Debug */,
				B68CF1062B44C9E300B79FA5 /* Release */,
			);
			defaultConfigurationIsVisible = 0;
			defaultConfigurationName = Release;
		};
/* End XCConfigurationList section */
	};
	rootObject = B68CF0E82B44C9E000B79FA5 /* Project object */;
}
