// !$*UTF8*$!
{
	archiveVersion = 1;
	classes = {
	};
	objectVersion = 56;
	objects = {

/* Begin PBXBuildFile section */
		B6DAF70F2B46B33900BD072D /* AppDelegate.swift in Sources */ = {isa = PBXBuildFile; fileRef = B6DAF70E2B46B33900BD072D /* AppDelegate.swift */; };
		B6DAF7112B46B33900BD072D /* SceneDelegate.swift in Sources */ = {isa = PBXBuildFile; fileRef = B6DAF7102B46B33900BD072D /* SceneDelegate.swift */; };
		B6DAF7132B46B33900BD072D /* HomeViewController.swift in Sources */ = {isa = PBXBuildFile; fileRef = B6DAF7122B46B33900BD072D /* HomeViewController.swift */; };
		B6DAF7182B46B33D00BD072D /* Assets.xcassets in Resources */ = {isa = PBXBuildFile; fileRef = B6DAF7172B46B33D00BD072D /* Assets.xcassets */; };
		B6DAF71B2B46B33D00BD072D /* LaunchScreen.storyboard in Resources */ = {isa = PBXBuildFile; fileRef = B6DAF7192B46B33D00BD072D /* LaunchScreen.storyboard */; };
		B6DAF72F2B46B93300BD072D /* DesignTime+BackDeploy.swift in Sources */ = {isa = PBXBuildFile; fileRef = B6DAF7282B46B93300BD072D /* DesignTime+BackDeploy.swift */; };
		B6DAF7302B46B93300BD072D /* ViewPreview.swift in Sources */ = {isa = PBXBuildFile; fileRef = B6DAF72A2B46B93300BD072D /* ViewPreview.swift */; };
		B6DAF7312B46B93300BD072D /* TabBarControllerPreview.swift in Sources */ = {isa = PBXBuildFile; fileRef = B6DAF72B2B46B93300BD072D /* TabBarControllerPreview.swift */; };
		B6DAF7322B46B93300BD072D /* ViewControllerPreview.swift in Sources */ = {isa = PBXBuildFile; fileRef = B6DAF72C2B46B93300BD072D /* ViewControllerPreview.swift */; };
		B6DAF7332B46B93300BD072D /* NavigationControllerPreview.swift in Sources */ = {isa = PBXBuildFile; fileRef = B6DAF72D2B46B93300BD072D /* NavigationControllerPreview.swift */; };
		B6DAF7342B46B93300BD072D /* PreviewTabBarItem.swift in Sources */ = {isa = PBXBuildFile; fileRef = B6DAF72E2B46B93300BD072D /* PreviewTabBarItem.swift */; };
		B6DAF7362B46B9EA00BD072D /* HomeView.swift in Sources */ = {isa = PBXBuildFile; fileRef = B6DAF7352B46B9EA00BD072D /* HomeView.swift */; };
		B6DAF7392B46BC6D00BD072D /* UIButton+Extensions.swift in Sources */ = {isa = PBXBuildFile; fileRef = B6DAF7382B46BC6D00BD072D /* UIButton+Extensions.swift */; };
		B6DAF73C2B46C30500BD072D /* LocationHeadingProxyManager.swift in Sources */ = {isa = PBXBuildFile; fileRef = B6DAF73B2B46C30500BD072D /* LocationHeadingProxyManager.swift */; };
		EA14A07203713D99B45428BB /* Pods_Simple_Publisher_Wrapper.framework in Frameworks */ = {isa = PBXBuildFile; fileRef = 35AB4FFCC8DA1851287FFEB8 /* Pods_Simple_Publisher_Wrapper.framework */; };
/* End PBXBuildFile section */

/* Begin PBXFileReference section */
		35AB4FFCC8DA1851287FFEB8 /* Pods_Simple_Publisher_Wrapper.framework */ = {isa = PBXFileReference; explicitFileType = wrapper.framework; includeInIndex = 0; path = Pods_Simple_Publisher_Wrapper.framework; sourceTree = BUILT_PRODUCTS_DIR; };
		771A06AE69CD31DE4844EAE3 /* Pods-Simple Publisher Wrapper.debug.xcconfig */ = {isa = PBXFileReference; includeInIndex = 1; lastKnownFileType = text.xcconfig; name = "Pods-Simple Publisher Wrapper.debug.xcconfig"; path = "Target Support Files/Pods-Simple Publisher Wrapper/Pods-Simple Publisher Wrapper.debug.xcconfig"; sourceTree = "<group>"; };
		9AD89449D9EB5D6159E11BFC /* Pods-Simple Publisher Wrapper.release.xcconfig */ = {isa = PBXFileReference; includeInIndex = 1; lastKnownFileType = text.xcconfig; name = "Pods-Simple Publisher Wrapper.release.xcconfig"; path = "Target Support Files/Pods-Simple Publisher Wrapper/Pods-Simple Publisher Wrapper.release.xcconfig"; sourceTree = "<group>"; };
		B6DAF70B2B46B33900BD072D /* Simple Publisher Wrapper.app */ = {isa = PBXFileReference; explicitFileType = wrapper.application; includeInIndex = 0; path = "Simple Publisher Wrapper.app"; sourceTree = BUILT_PRODUCTS_DIR; };
		B6DAF70E2B46B33900BD072D /* AppDelegate.swift */ = {isa = PBXFileReference; lastKnownFileType = sourcecode.swift; path = AppDelegate.swift; sourceTree = "<group>"; };
		B6DAF7102B46B33900BD072D /* SceneDelegate.swift */ = {isa = PBXFileReference; lastKnownFileType = sourcecode.swift; path = SceneDelegate.swift; sourceTree = "<group>"; };
		B6DAF7122B46B33900BD072D /* HomeViewController.swift */ = {isa = PBXFileReference; lastKnownFileType = sourcecode.swift; path = HomeViewController.swift; sourceTree = "<group>"; };
		B6DAF7172B46B33D00BD072D /* Assets.xcassets */ = {isa = PBXFileReference; lastKnownFileType = folder.assetcatalog; path = Assets.xcassets; sourceTree = "<group>"; };
		B6DAF71A2B46B33D00BD072D /* Base */ = {isa = PBXFileReference; lastKnownFileType = file.storyboard; name = Base; path = Base.lproj/LaunchScreen.storyboard; sourceTree = "<group>"; };
		B6DAF71C2B46B33E00BD072D /* Info.plist */ = {isa = PBXFileReference; lastKnownFileType = text.plist.xml; path = Info.plist; sourceTree = "<group>"; };
		B6DAF7282B46B93300BD072D /* DesignTime+BackDeploy.swift */ = {isa = PBXFileReference; fileEncoding = 4; lastKnownFileType = sourcecode.swift; path = "DesignTime+BackDeploy.swift"; sourceTree = "<group>"; };
		B6DAF72A2B46B93300BD072D /* ViewPreview.swift */ = {isa = PBXFileReference; fileEncoding = 4; lastKnownFileType = sourcecode.swift; path = ViewPreview.swift; sourceTree = "<group>"; };
		B6DAF72B2B46B93300BD072D /* TabBarControllerPreview.swift */ = {isa = PBXFileReference; fileEncoding = 4; lastKnownFileType = sourcecode.swift; path = TabBarControllerPreview.swift; sourceTree = "<group>"; };
		B6DAF72C2B46B93300BD072D /* ViewControllerPreview.swift */ = {isa = PBXFileReference; fileEncoding = 4; lastKnownFileType = sourcecode.swift; path = ViewControllerPreview.swift; sourceTree = "<group>"; };
		B6DAF72D2B46B93300BD072D /* NavigationControllerPreview.swift */ = {isa = PBXFileReference; fileEncoding = 4; lastKnownFileType = sourcecode.swift; path = NavigationControllerPreview.swift; sourceTree = "<group>"; };
		B6DAF72E2B46B93300BD072D /* PreviewTabBarItem.swift */ = {isa = PBXFileReference; fileEncoding = 4; lastKnownFileType = sourcecode.swift; path = PreviewTabBarItem.swift; sourceTree = "<group>"; };
		B6DAF7352B46B9EA00BD072D /* HomeView.swift */ = {isa = PBXFileReference; fileEncoding = 4; lastKnownFileType = sourcecode.swift; path = HomeView.swift; sourceTree = "<group>"; };
		B6DAF7382B46BC6D00BD072D /* UIButton+Extensions.swift */ = {isa = PBXFileReference; lastKnownFileType = sourcecode.swift; path = "UIButton+Extensions.swift"; sourceTree = "<group>"; };
		B6DAF73B2B46C30500BD072D /* LocationHeadingProxyManager.swift */ = {isa = PBXFileReference; lastKnownFileType = sourcecode.swift; path = LocationHeadingProxyManager.swift; sourceTree = "<group>"; };
/* End PBXFileReference section */

/* Begin PBXFrameworksBuildPhase section */
		B6DAF7082B46B33900BD072D /* Frameworks */ = {
			isa = PBXFrameworksBuildPhase;
			buildActionMask = 2147483647;
			files = (
				EA14A07203713D99B45428BB /* Pods_Simple_Publisher_Wrapper.framework in Frameworks */,
			);
			runOnlyForDeploymentPostprocessing = 0;
		};
/* End PBXFrameworksBuildPhase section */

/* Begin PBXGroup section */
		31EBDB6C3E64FDA1591275C6 /* Pods */ = {
			isa = PBXGroup;
			children = (
				771A06AE69CD31DE4844EAE3 /* Pods-Simple Publisher Wrapper.debug.xcconfig */,
				9AD89449D9EB5D6159E11BFC /* Pods-Simple Publisher Wrapper.release.xcconfig */,
			);
			path = Pods;
			sourceTree = "<group>";
		};
		B6DAF7022B46B33900BD072D = {
			isa = PBXGroup;
			children = (
				B6DAF70D2B46B33900BD072D /* Simple Publisher Wrapper */,
				B6DAF70C2B46B33900BD072D /* Products */,
				31EBDB6C3E64FDA1591275C6 /* Pods */,
				DB4ECBD188E68270661DF3ED /* Frameworks */,
			);
			sourceTree = "<group>";
		};
		B6DAF70C2B46B33900BD072D /* Products */ = {
			isa = PBXGroup;
			children = (
				B6DAF70B2B46B33900BD072D /* Simple Publisher Wrapper.app */,
			);
			name = Products;
			sourceTree = "<group>";
		};
		B6DAF70D2B46B33900BD072D /* Simple Publisher Wrapper */ = {
			isa = PBXGroup;
			children = (
				B6DAF73A2B46C2EE00BD072D /* Managers */,
				B6DAF7222B46B3AE00BD072D /* Application */,
				B6DAF7242B46B3E100BD072D /* Features */,
				B6DAF7232B46B3B800BD072D /* Resources */,
				B6DAF7372B46BC5D00BD072D /* Extensions */,
				B6DAF7292B46B93300BD072D /* PreviewView */,
				B6DAF7272B46B93300BD072D /* PreviewViewLegacyOSCompileFix */,
			);
			path = "Simple Publisher Wrapper";
			sourceTree = "<group>";
		};
		B6DAF7222B46B3AE00BD072D /* Application */ = {
			isa = PBXGroup;
			children = (
				B6DAF70E2B46B33900BD072D /* AppDelegate.swift */,
				B6DAF7102B46B33900BD072D /* SceneDelegate.swift */,
			);
			path = Application;
			sourceTree = "<group>";
		};
		B6DAF7232B46B3B800BD072D /* Resources */ = {
			isa = PBXGroup;
			children = (
				B6DAF7172B46B33D00BD072D /* Assets.xcassets */,
				B6DAF7192B46B33D00BD072D /* LaunchScreen.storyboard */,
				B6DAF71C2B46B33E00BD072D /* Info.plist */,
			);
			path = Resources;
			sourceTree = "<group>";
		};
		B6DAF7242B46B3E100BD072D /* Features */ = {
			isa = PBXGroup;
			children = (
				B6DAF7252B46B3E700BD072D /* Home */,
			);
			path = Features;
			sourceTree = "<group>";
		};
		B6DAF7252B46B3E700BD072D /* Home */ = {
			isa = PBXGroup;
			children = (
				B6DAF7262B46B3ED00BD072D /* Views */,
			);
			path = Home;
			sourceTree = "<group>";
		};
		B6DAF7262B46B3ED00BD072D /* Views */ = {
			isa = PBXGroup;
			children = (
				B6DAF7122B46B33900BD072D /* HomeViewController.swift */,
				B6DAF7352B46B9EA00BD072D /* HomeView.swift */,
			);
			path = Views;
			sourceTree = "<group>";
		};
		B6DAF7272B46B93300BD072D /* PreviewViewLegacyOSCompileFix */ = {
			isa = PBXGroup;
			children = (
				B6DAF7282B46B93300BD072D /* DesignTime+BackDeploy.swift */,
			);
			path = PreviewViewLegacyOSCompileFix;
			sourceTree = "<group>";
		};
		B6DAF7292B46B93300BD072D /* PreviewView */ = {
			isa = PBXGroup;
			children = (
				B6DAF72A2B46B93300BD072D /* ViewPreview.swift */,
				B6DAF72B2B46B93300BD072D /* TabBarControllerPreview.swift */,
				B6DAF72C2B46B93300BD072D /* ViewControllerPreview.swift */,
				B6DAF72D2B46B93300BD072D /* NavigationControllerPreview.swift */,
				B6DAF72E2B46B93300BD072D /* PreviewTabBarItem.swift */,
			);
			path = PreviewView;
			sourceTree = "<group>";
		};
		B6DAF7372B46BC5D00BD072D /* Extensions */ = {
			isa = PBXGroup;
			children = (
				B6DAF7382B46BC6D00BD072D /* UIButton+Extensions.swift */,
			);
			path = Extensions;
			sourceTree = "<group>";
		};
		B6DAF73A2B46C2EE00BD072D /* Managers */ = {
			isa = PBXGroup;
			children = (
				B6DAF73B2B46C30500BD072D /* LocationHeadingProxyManager.swift */,
			);
			path = Managers;
			sourceTree = "<group>";
		};
		DB4ECBD188E68270661DF3ED /* Frameworks */ = {
			isa = PBXGroup;
			children = (
				35AB4FFCC8DA1851287FFEB8 /* Pods_Simple_Publisher_Wrapper.framework */,
			);
			name = Frameworks;
			sourceTree = "<group>";
		};
/* End PBXGroup section */

/* Begin PBXNativeTarget section */
		B6DAF70A2B46B33900BD072D /* Simple Publisher Wrapper */ = {
			isa = PBXNativeTarget;
			buildConfigurationList = B6DAF71F2B46B33E00BD072D /* Build configuration list for PBXNativeTarget "Simple Publisher Wrapper" */;
			buildPhases = (
				79CCF74B3C9A204D4C748D2F /* [CP] Check Pods Manifest.lock */,
				B6DAF7072B46B33900BD072D /* Sources */,
				B6DAF7082B46B33900BD072D /* Frameworks */,
				B6DAF7092B46B33900BD072D /* Resources */,
				BD60038252B5C385B62E0BC3 /* [CP] Embed Pods Frameworks */,
			);
			buildRules = (
			);
			dependencies = (
			);
			name = "Simple Publisher Wrapper";
			productName = "Simple Publisher Wrapper";
			productReference = B6DAF70B2B46B33900BD072D /* Simple Publisher Wrapper.app */;
			productType = "com.apple.product-type.application";
		};
/* End PBXNativeTarget section */

/* Begin PBXProject section */
		B6DAF7032B46B33900BD072D /* Project object */ = {
			isa = PBXProject;
			attributes = {
				BuildIndependentTargetsInParallel = 1;
				LastSwiftUpdateCheck = 1500;
				LastUpgradeCheck = 1500;
				TargetAttributes = {
					B6DAF70A2B46B33900BD072D = {
						CreatedOnToolsVersion = 15.0.1;
					};
				};
			};
			buildConfigurationList = B6DAF7062B46B33900BD072D /* Build configuration list for PBXProject "Simple Publisher Wrapper" */;
			compatibilityVersion = "Xcode 14.0";
			developmentRegion = en;
			hasScannedForEncodings = 0;
			knownRegions = (
				en,
				Base,
			);
			mainGroup = B6DAF7022B46B33900BD072D;
			productRefGroup = B6DAF70C2B46B33900BD072D /* Products */;
			projectDirPath = "";
			projectRoot = "";
			targets = (
				B6DAF70A2B46B33900BD072D /* Simple Publisher Wrapper */,
			);
		};
/* End PBXProject section */

/* Begin PBXResourcesBuildPhase section */
		B6DAF7092B46B33900BD072D /* Resources */ = {
			isa = PBXResourcesBuildPhase;
			buildActionMask = 2147483647;
			files = (
				B6DAF71B2B46B33D00BD072D /* LaunchScreen.storyboard in Resources */,
				B6DAF7182B46B33D00BD072D /* Assets.xcassets in Resources */,
			);
			runOnlyForDeploymentPostprocessing = 0;
		};
/* End PBXResourcesBuildPhase section */

/* Begin PBXShellScriptBuildPhase section */
		79CCF74B3C9A204D4C748D2F /* [CP] Check Pods Manifest.lock */ = {
			isa = PBXShellScriptBuildPhase;
			buildActionMask = 2147483647;
			files = (
			);
			inputFileListPaths = (
			);
			inputPaths = (
				"${PODS_PODFILE_DIR_PATH}/Podfile.lock",
				"${PODS_ROOT}/Manifest.lock",
			);
			name = "[CP] Check Pods Manifest.lock";
			outputFileListPaths = (
			);
			outputPaths = (
				"$(DERIVED_FILE_DIR)/Pods-Simple Publisher Wrapper-checkManifestLockResult.txt",
			);
			runOnlyForDeploymentPostprocessing = 0;
			shellPath = /bin/sh;
			shellScript = "diff \"${PODS_PODFILE_DIR_PATH}/Podfile.lock\" \"${PODS_ROOT}/Manifest.lock\" > /dev/null\nif [ $? != 0 ] ; then\n    # print error to STDERR\n    echo \"error: The sandbox is not in sync with the Podfile.lock. Run 'pod install' or update your CocoaPods installation.\" >&2\n    exit 1\nfi\n# This output is used by Xcode 'outputs' to avoid re-running this script phase.\necho \"SUCCESS\" > \"${SCRIPT_OUTPUT_FILE_0}\"\n";
			showEnvVarsInLog = 0;
		};
		BD60038252B5C385B62E0BC3 /* [CP] Embed Pods Frameworks */ = {
			isa = PBXShellScriptBuildPhase;
			buildActionMask = 2147483647;
			files = (
			);
			inputFileListPaths = (
				"${PODS_ROOT}/Target Support Files/Pods-Simple Publisher Wrapper/Pods-Simple Publisher Wrapper-frameworks-${CONFIGURATION}-input-files.xcfilelist",
			);
			name = "[CP] Embed Pods Frameworks";
			outputFileListPaths = (
				"${PODS_ROOT}/Target Support Files/Pods-Simple Publisher Wrapper/Pods-Simple Publisher Wrapper-frameworks-${CONFIGURATION}-output-files.xcfilelist",
			);
			runOnlyForDeploymentPostprocessing = 0;
			shellPath = /bin/sh;
			shellScript = "\"${PODS_ROOT}/Target Support Files/Pods-Simple Publisher Wrapper/Pods-Simple Publisher Wrapper-frameworks.sh\"\n";
			showEnvVarsInLog = 0;
		};
/* End PBXShellScriptBuildPhase section */

/* Begin PBXSourcesBuildPhase section */
		B6DAF7072B46B33900BD072D /* Sources */ = {
			isa = PBXSourcesBuildPhase;
			buildActionMask = 2147483647;
			files = (
				B6DAF7342B46B93300BD072D /* PreviewTabBarItem.swift in Sources */,
				B6DAF7322B46B93300BD072D /* ViewControllerPreview.swift in Sources */,
				B6DAF73C2B46C30500BD072D /* LocationHeadingProxyManager.swift in Sources */,
				B6DAF72F2B46B93300BD072D /* DesignTime+BackDeploy.swift in Sources */,
				B6DAF7362B46B9EA00BD072D /* HomeView.swift in Sources */,
				B6DAF7132B46B33900BD072D /* HomeViewController.swift in Sources */,
				B6DAF7312B46B93300BD072D /* TabBarControllerPreview.swift in Sources */,
				B6DAF70F2B46B33900BD072D /* AppDelegate.swift in Sources */,
				B6DAF7112B46B33900BD072D /* SceneDelegate.swift in Sources */,
				B6DAF7332B46B93300BD072D /* NavigationControllerPreview.swift in Sources */,
				B6DAF7392B46BC6D00BD072D /* UIButton+Extensions.swift in Sources */,
				B6DAF7302B46B93300BD072D /* ViewPreview.swift in Sources */,
			);
			runOnlyForDeploymentPostprocessing = 0;
		};
/* End PBXSourcesBuildPhase section */

/* Begin PBXVariantGroup section */
		B6DAF7192B46B33D00BD072D /* LaunchScreen.storyboard */ = {
			isa = PBXVariantGroup;
			children = (
				B6DAF71A2B46B33D00BD072D /* Base */,
			);
			name = LaunchScreen.storyboard;
			sourceTree = "<group>";
		};
/* End PBXVariantGroup section */

/* Begin XCBuildConfiguration section */
		B6DAF71D2B46B33E00BD072D /* Debug */ = {
			isa = XCBuildConfiguration;
			buildSettings = {
				ALWAYS_SEARCH_USER_PATHS = NO;
				ASSETCATALOG_COMPILER_GENERATE_SWIFT_ASSET_SYMBOL_EXTENSIONS = YES;
				CLANG_ANALYZER_NONNULL = YES;
				CLANG_ANALYZER_NUMBER_OBJECT_CONVERSION = YES_AGGRESSIVE;
				CLANG_CXX_LANGUAGE_STANDARD = "gnu++20";
				CLANG_ENABLE_MODULES = YES;
				CLANG_ENABLE_OBJC_ARC = YES;
				CLANG_ENABLE_OBJC_WEAK = YES;
				CLANG_WARN_BLOCK_CAPTURE_AUTORELEASING = YES;
				CLANG_WARN_BOOL_CONVERSION = YES;
				CLANG_WARN_COMMA = YES;
				CLANG_WARN_CONSTANT_CONVERSION = YES;
				CLANG_WARN_DEPRECATED_OBJC_IMPLEMENTATIONS = YES;
				CLANG_WARN_DIRECT_OBJC_ISA_USAGE = YES_ERROR;
				CLANG_WARN_DOCUMENTATION_COMMENTS = YES;
				CLANG_WARN_EMPTY_BODY = YES;
				CLANG_WARN_ENUM_CONVERSION = YES;
				CLANG_WARN_INFINITE_RECURSION = YES;
				CLANG_WARN_INT_CONVERSION = YES;
				CLANG_WARN_NON_LITERAL_NULL_CONVERSION = YES;
				CLANG_WARN_OBJC_IMPLICIT_RETAIN_SELF = YES;
				CLANG_WARN_OBJC_LITERAL_CONVERSION = YES;
				CLANG_WARN_OBJC_ROOT_CLASS = YES_ERROR;
				CLANG_WARN_QUOTED_INCLUDE_IN_FRAMEWORK_HEADER = YES;
				CLANG_WARN_RANGE_LOOP_ANALYSIS = YES;
				CLANG_WARN_STRICT_PROTOTYPES = YES;
				CLANG_WARN_SUSPICIOUS_MOVE = YES;
				CLANG_WARN_UNGUARDED_AVAILABILITY = YES_AGGRESSIVE;
				CLANG_WARN_UNREACHABLE_CODE = YES;
				CLANG_WARN__DUPLICATE_METHOD_MATCH = YES;
				COPY_PHASE_STRIP = NO;
				DEBUG_INFORMATION_FORMAT = dwarf;
				ENABLE_STRICT_OBJC_MSGSEND = YES;
				ENABLE_TESTABILITY = YES;
				ENABLE_USER_SCRIPT_SANDBOXING = YES;
				GCC_C_LANGUAGE_STANDARD = gnu17;
				GCC_DYNAMIC_NO_PIC = NO;
				GCC_NO_COMMON_BLOCKS = YES;
				GCC_OPTIMIZATION_LEVEL = 0;
				GCC_PREPROCESSOR_DEFINITIONS = (
					"DEBUG=1",
					"$(inherited)",
				);
				GCC_WARN_64_TO_32_BIT_CONVERSION = YES;
				GCC_WARN_ABOUT_RETURN_TYPE = YES_ERROR;
				GCC_WARN_UNDECLARED_SELECTOR = YES;
				GCC_WARN_UNINITIALIZED_AUTOS = YES_AGGRESSIVE;
				GCC_WARN_UNUSED_FUNCTION = YES;
				GCC_WARN_UNUSED_VARIABLE = YES;
				IPHONEOS_DEPLOYMENT_TARGET = 17.0;
				LOCALIZATION_PREFERS_STRING_CATALOGS = YES;
				MTL_ENABLE_DEBUG_INFO = INCLUDE_SOURCE;
				MTL_FAST_MATH = YES;
				ONLY_ACTIVE_ARCH = YES;
				SDKROOT = iphoneos;
				SWIFT_ACTIVE_COMPILATION_CONDITIONS = "DEBUG $(inherited)";
				SWIFT_OPTIMIZATION_LEVEL = "-Onone";
			};
			name = Debug;
		};
		B6DAF71E2B46B33E00BD072D /* Release */ = {
			isa = XCBuildConfiguration;
			buildSettings = {
				ALWAYS_SEARCH_USER_PATHS = NO;
				ASSETCATALOG_COMPILER_GENERATE_SWIFT_ASSET_SYMBOL_EXTENSIONS = YES;
				CLANG_ANALYZER_NONNULL = YES;
				CLANG_ANALYZER_NUMBER_OBJECT_CONVERSION = YES_AGGRESSIVE;
				CLANG_CXX_LANGUAGE_STANDARD = "gnu++20";
				CLANG_ENABLE_MODULES = YES;
				CLANG_ENABLE_OBJC_ARC = YES;
				CLANG_ENABLE_OBJC_WEAK = YES;
				CLANG_WARN_BLOCK_CAPTURE_AUTORELEASING = YES;
				CLANG_WARN_BOOL_CONVERSION = YES;
				CLANG_WARN_COMMA = YES;
				CLANG_WARN_CONSTANT_CONVERSION = YES;
				CLANG_WARN_DEPRECATED_OBJC_IMPLEMENTATIONS = YES;
				CLANG_WARN_DIRECT_OBJC_ISA_USAGE = YES_ERROR;
				CLANG_WARN_DOCUMENTATION_COMMENTS = YES;
				CLANG_WARN_EMPTY_BODY = YES;
				CLANG_WARN_ENUM_CONVERSION = YES;
				CLANG_WARN_INFINITE_RECURSION = YES;
				CLANG_WARN_INT_CONVERSION = YES;
				CLANG_WARN_NON_LITERAL_NULL_CONVERSION = YES;
				CLANG_WARN_OBJC_IMPLICIT_RETAIN_SELF = YES;
				CLANG_WARN_OBJC_LITERAL_CONVERSION = YES;
				CLANG_WARN_OBJC_ROOT_CLASS = YES_ERROR;
				CLANG_WARN_QUOTED_INCLUDE_IN_FRAMEWORK_HEADER = YES;
				CLANG_WARN_RANGE_LOOP_ANALYSIS = YES;
				CLANG_WARN_STRICT_PROTOTYPES = YES;
				CLANG_WARN_SUSPICIOUS_MOVE = YES;
				CLANG_WARN_UNGUARDED_AVAILABILITY = YES_AGGRESSIVE;
				CLANG_WARN_UNREACHABLE_CODE = YES;
				CLANG_WARN__DUPLICATE_METHOD_MATCH = YES;
				COPY_PHASE_STRIP = NO;
				DEBUG_INFORMATION_FORMAT = "dwarf-with-dsym";
				ENABLE_NS_ASSERTIONS = NO;
				ENABLE_STRICT_OBJC_MSGSEND = YES;
				ENABLE_USER_SCRIPT_SANDBOXING = YES;
				GCC_C_LANGUAGE_STANDARD = gnu17;
				GCC_NO_COMMON_BLOCKS = YES;
				GCC_WARN_64_TO_32_BIT_CONVERSION = YES;
				GCC_WARN_ABOUT_RETURN_TYPE = YES_ERROR;
				GCC_WARN_UNDECLARED_SELECTOR = YES;
				GCC_WARN_UNINITIALIZED_AUTOS = YES_AGGRESSIVE;
				GCC_WARN_UNUSED_FUNCTION = YES;
				GCC_WARN_UNUSED_VARIABLE = YES;
				IPHONEOS_DEPLOYMENT_TARGET = 17.0;
				LOCALIZATION_PREFERS_STRING_CATALOGS = YES;
				MTL_ENABLE_DEBUG_INFO = NO;
				MTL_FAST_MATH = YES;
				SDKROOT = iphoneos;
				SWIFT_COMPILATION_MODE = wholemodule;
				VALIDATE_PRODUCT = YES;
			};
			name = Release;
		};
		B6DAF7202B46B33E00BD072D /* Debug */ = {
			isa = XCBuildConfiguration;
			baseConfigurationReference = 771A06AE69CD31DE4844EAE3 /* Pods-Simple Publisher Wrapper.debug.xcconfig */;
			buildSettings = {
				ASSETCATALOG_COMPILER_APPICON_NAME = AppIcon;
				ASSETCATALOG_COMPILER_GLOBAL_ACCENT_COLOR_NAME = AccentColor;
				CODE_SIGN_STYLE = Automatic;
				CURRENT_PROJECT_VERSION = 1;
				DEVELOPMENT_TEAM = 2N64875GLV;
				ENABLE_USER_SCRIPT_SANDBOXING = NO;
				GENERATE_INFOPLIST_FILE = YES;
				INFOPLIST_FILE = "Simple Publisher Wrapper/Resources/Info.plist";
				INFOPLIST_KEY_NSLocationAlwaysUsageDescription = "Always allow this app to save your current locations?";
				INFOPLIST_KEY_NSLocationWhenInUseUsageDescription = "Allow this app to save your current locations?";
				INFOPLIST_KEY_UIApplicationSupportsIndirectInputEvents = YES;
				INFOPLIST_KEY_UILaunchStoryboardName = LaunchScreen;
				INFOPLIST_KEY_UISupportedInterfaceOrientations_iPad = "UIInterfaceOrientationPortrait UIInterfaceOrientationPortraitUpsideDown UIInterfaceOrientationLandscapeLeft UIInterfaceOrientationLandscapeRight";
				INFOPLIST_KEY_UISupportedInterfaceOrientations_iPhone = "UIInterfaceOrientationPortrait UIInterfaceOrientationLandscapeLeft UIInterfaceOrientationLandscapeRight";
				IPHONEOS_DEPLOYMENT_TARGET = 13.0;
				LD_RUNPATH_SEARCH_PATHS = (
					"$(inherited)",
					"@executable_path/Frameworks",
				);
				MARKETING_VERSION = 1.0;
				PRODUCT_BUNDLE_IDENTIFIER = "com.github.syndicate017.Simple-Publisher-Wrapper";
				PRODUCT_NAME = "$(TARGET_NAME)";
				SUPPORTED_PLATFORMS = "iphoneos iphonesimulator";
				SUPPORTS_MACCATALYST = NO;
				SUPPORTS_MAC_DESIGNED_FOR_IPHONE_IPAD = NO;
				SWIFT_EMIT_LOC_STRINGS = YES;
				SWIFT_VERSION = 5.0;
				TARGETED_DEVICE_FAMILY = 1;
			};
			name = Debug;
		};
		B6DAF7212B46B33E00BD072D /* Release */ = {
			isa = XCBuildConfiguration;
			baseConfigurationReference = 9AD89449D9EB5D6159E11BFC /* Pods-Simple Publisher Wrapper.release.xcconfig */;
			buildSettings = {
				ASSETCATALOG_COMPILER_APPICON_NAME = AppIcon;
				ASSETCATALOG_COMPILER_GLOBAL_ACCENT_COLOR_NAME = AccentColor;
				CODE_SIGN_STYLE = Automatic;
				CURRENT_PROJECT_VERSION = 1;
				DEVELOPMENT_TEAM = 2N64875GLV;
				ENABLE_USER_SCRIPT_SANDBOXING = NO;
				GENERATE_INFOPLIST_FILE = YES;
				INFOPLIST_FILE = "Simple Publisher Wrapper/Resources/Info.plist";
				INFOPLIST_KEY_NSLocationAlwaysUsageDescription = "Always allow this app to save your current locations?";
				INFOPLIST_KEY_NSLocationWhenInUseUsageDescription = "Allow this app to save your current locations?";
				INFOPLIST_KEY_UIApplicationSupportsIndirectInputEvents = YES;
				INFOPLIST_KEY_UILaunchStoryboardName = LaunchScreen;
				INFOPLIST_KEY_UISupportedInterfaceOrientations_iPad = "UIInterfaceOrientationPortrait UIInterfaceOrientationPortraitUpsideDown UIInterfaceOrientationLandscapeLeft UIInterfaceOrientationLandscapeRight";
				INFOPLIST_KEY_UISupportedInterfaceOrientations_iPhone = "UIInterfaceOrientationPortrait UIInterfaceOrientationLandscapeLeft UIInterfaceOrientationLandscapeRight";
				IPHONEOS_DEPLOYMENT_TARGET = 13.0;
				LD_RUNPATH_SEARCH_PATHS = (
					"$(inherited)",
					"@executable_path/Frameworks",
				);
				MARKETING_VERSION = 1.0;
				PRODUCT_BUNDLE_IDENTIFIER = "com.github.syndicate017.Simple-Publisher-Wrapper";
				PRODUCT_NAME = "$(TARGET_NAME)";
				SUPPORTED_PLATFORMS = "iphoneos iphonesimulator";
				SUPPORTS_MACCATALYST = NO;
				SUPPORTS_MAC_DESIGNED_FOR_IPHONE_IPAD = NO;
				SWIFT_EMIT_LOC_STRINGS = YES;
				SWIFT_VERSION = 5.0;
				TARGETED_DEVICE_FAMILY = 1;
			};
			name = Release;
		};
/* End XCBuildConfiguration section */

/* Begin XCConfigurationList section */
		B6DAF7062B46B33900BD072D /* Build configuration list for PBXProject "Simple Publisher Wrapper" */ = {
			isa = XCConfigurationList;
			buildConfigurations = (
				B6DAF71D2B46B33E00BD072D /* Debug */,
				B6DAF71E2B46B33E00BD072D /* Release */,
			);
			defaultConfigurationIsVisible = 0;
			defaultConfigurationName = Release;
		};
		B6DAF71F2B46B33E00BD072D /* Build configuration list for PBXNativeTarget "Simple Publisher Wrapper" */ = {
			isa = XCConfigurationList;
			buildConfigurations = (
				B6DAF7202B46B33E00BD072D /* Debug */,
				B6DAF7212B46B33E00BD072D /* Release */,
			);
			defaultConfigurationIsVisible = 0;
			defaultConfigurationName = Release;
		};
/* End XCConfigurationList section */
	};
	rootObject = B6DAF7032B46B33900BD072D /* Project object */;
}
